
Microsoft Visual Studio Solution File, Format Version 12.00
# Visual Studio Version 17
VisualStudioVersion = 17.5.33414.496
MinimumVisualStudioVersion = 10.0.40219.1
Project("{9A19103F-16F7-4668-BE54-9A1E7A4F7556}") = "RestlessFalcon", "RestlessFalcon\RestlessFalcon.csproj", "{6A7FD07B-03D5-4725-835C-43CB0E59D077}"
EndProject
Global
	GlobalSection(SolutionConfigurationPlatforms) = preSolution
		Debug|Any CPU = Debug|Any CPU
		Release|Any CPU = Release|Any CPU
	EndGlobalSection
	GlobalSection(ProjectConfigurationPlatforms) = postSolution
		{6A7FD07B-03D5-4725-835C-43CB0E59D077}.Debug|Any CPU.ActiveCfg = Debug|Any CPU
		{6A7FD07B-03D5-4725-835C-43CB0E59D077}.Debug|Any CPU.Build.0 = Debug|Any CPU
		{6A7FD07B-03D5-4725-835C-43CB0E59D077}.Release|Any CPU.ActiveCfg = Release|Any CPU
		{6A7FD07B-03D5-4725-835C-43CB0E59D077}.Release|Any CPU.Build.0 = Release|Any CPU
	EndGlobalSection
	GlobalSection(SolutionProperties) = preSolution
		HideSolutionNode = FALSE
	EndGlobalSection
	GlobalSection(ExtensibilityGlobals) = postSolution
		SolutionGuid = {7D106F82-A6BB-4295-B8B5-9D76C4418A06}
	EndGlobalSection
EndGlobal
